<?xml version="1.0" encoding="UTF-8" standalone="yes" ?>
<CodeBlocks_project_file>
	<FileVersion major="1" minor="6" />
	<Project>
		<Option title="Bombersow" />
		<Option pch_mode="2" />
		<Option compiler="gcc" />
		<Build>
			<Target title="Unix Debug">
				<Option platforms="Unix;" />
				<Option output="bin/Debug/Bombersow" prefix_auto="1" extension_auto="1" />
				<Option object_output="obj/Debug/" />
				<Option type="1" />
				<Option compiler="gcc" />
				<Compiler>
					<Add option="-g" />
				</Compiler>
				<Linker>
					<Add option="-lsfml-graphics" />
					<Add option="-lsfml-window" />
					<Add option="-lsfml-network" />
					<Add option="-lsfml-system" />
				</Linker>
			</Target>
			<Target title="Unix Release">
				<Option platforms="Unix;" />
				<Option output="bin/Release/Bombersow" prefix_auto="1" extension_auto="1" />
				<Option object_output="obj/Release/" />
				<Option type="0" />
				<Option compiler="gcc" />
				<Compiler>
					<Add option="-O2" />
				</Compiler>
				<Linker>
					<Add option="-s" />
					<Add option="-lsfml-graphics" />
					<Add option="-lsfml-window" />
					<Add option="-lsfml-network" />
					<Add option="-lsfml-system" />
				</Linker>
			</Target>
		</Build>
		<Compiler>
			<Add option="-Wall" />
			<Add option="-fexceptions" />
			<Add directory="src" />
		</Compiler>
		<Unit filename="src/Engines/Graphics/GraphicEngine.cpp" />
		<Unit filename="src/Engines/Graphics/GraphicEngine.hpp" />
		<Unit filename="src/Engines/Physics/Collision.cpp" />
		<Unit filename="src/Engines/Physics/Collision.hpp" />
		<Unit filename="src/Engines/Physics/PhysicsEngine.cpp" />
		<Unit filename="src/Engines/Physics/PhysicsEngine.hpp" />
		<Unit filename="src/Engines/Physics/ZoneTree.cpp" />
		<Unit filename="src/Engines/Physics/ZoneTree.hpp" />
		<Unit filename="src/Game.cpp" />
		<Unit filename="src/Game.hpp" />
		<Unit filename="src/GameObjects/Bullet.hpp" />
		<Unit filename="src/GameObjects/GameObject.cpp" />
		<Unit filename="src/GameObjects/GameObject.hpp" />
		<Unit filename="src/GameObjects/Particle.cpp" />
		<Unit filename="src/GameObjects/Particle.hpp" />
		<Unit filename="src/GameObjects/Player.cpp" />
		<Unit filename="src/GameObjects/Player.hpp" />
		<Unit filename="src/GameObjects/Weapon.cpp" />
		<Unit filename="src/GameObjects/Weapon.hpp" />
		<Unit filename="src/Master.cpp" />
		<Unit filename="src/System/Config.cpp" />
		<Unit filename="src/System/Config.hpp" />
		<Extensions>
			<code_completion />
			<envvars />
			<debugger />
			<lib_finder disable_auto="1" />
		</Extensions>
	</Project>
</CodeBlocks_project_file>
